
Microsoft Visual Studio Solution File, Format Version 12.00
# Visual Studio 15
VisualStudioVersion = 15.0.27004.2010
MinimumVisualStudioVersion = 10.0.40219.1
Project("{FAE04EC0-301F-11D3-BF4B-00C04F79EFBC}") = "captchaleveltwo", "captchaleveltwo\captchaleveltwo.csproj", "{D5E340CE-512C-413D-AB69-B86B4B47F2EA}"
EndProject
Global
	GlobalSection(SolutionConfigurationPlatforms) = preSolution
		Debug|Any CPU = Debug|Any CPU
		Release|Any CPU = Release|Any CPU
	EndGlobalSection
	GlobalSection(ProjectConfigurationPlatforms) = postSolution
		{D5E340CE-512C-413D-AB69-B86B4B47F2EA}.Debug|Any CPU.ActiveCfg = Debug|Any CPU
		{D5E340CE-512C-413D-AB69-B86B4B47F2EA}.Debug|Any CPU.Build.0 = Debug|Any CPU
		{D5E340CE-512C-413D-AB69-B86B4B47F2EA}.Release|Any CPU.ActiveCfg = Release|Any CPU
		{D5E340CE-512C-413D-AB69-B86B4B47F2EA}.Release|Any CPU.Build.0 = Release|Any CPU
	EndGlobalSection
	GlobalSection(SolutionProperties) = preSolution
		HideSolutionNode = FALSE
	EndGlobalSection
	GlobalSection(ExtensibilityGlobals) = postSolution
		SolutionGuid = {D0E0D48F-FEBD-4578-A077-71A976DF6E71}
	EndGlobalSection
EndGlobal
