
Microsoft Visual Studio Solution File, Format Version 12.00
# Visual Studio 15
VisualStudioVersion = 15.0.27004.2010
MinimumVisualStudioVersion = 10.0.40219.1
Project("{FAE04EC0-301F-11D3-BF4B-00C04F79EFBC}") = "spiral", "spiral\spiral.csproj", "{12C6C57A-3EFE-4030-8161-C28256259B41}"
EndProject
Global
	GlobalSection(SolutionConfigurationPlatforms) = preSolution
		Debug|Any CPU = Debug|Any CPU
		Release|Any CPU = Release|Any CPU
	EndGlobalSection
	GlobalSection(ProjectConfigurationPlatforms) = postSolution
		{12C6C57A-3EFE-4030-8161-C28256259B41}.Debug|Any CPU.ActiveCfg = Debug|Any CPU
		{12C6C57A-3EFE-4030-8161-C28256259B41}.Debug|Any CPU.Build.0 = Debug|Any CPU
		{12C6C57A-3EFE-4030-8161-C28256259B41}.Release|Any CPU.ActiveCfg = Release|Any CPU
		{12C6C57A-3EFE-4030-8161-C28256259B41}.Release|Any CPU.Build.0 = Release|Any CPU
	EndGlobalSection
	GlobalSection(SolutionProperties) = preSolution
		HideSolutionNode = FALSE
	EndGlobalSection
	GlobalSection(ExtensibilityGlobals) = postSolution
		SolutionGuid = {41A5BABD-5BAB-46F4-8BBF-2E55CF88247D}
	EndGlobalSection
EndGlobal
