
Microsoft Visual Studio Solution File, Format Version 12.00
# Visual Studio 15
VisualStudioVersion = 15.0.27004.2010
MinimumVisualStudioVersion = 10.0.40219.1
Project("{FAE04EC0-301F-11D3-BF4B-00C04F79EFBC}") = "memory-re-rearrange", "memory-re-rearrange\memory-re-rearrange.csproj", "{B894A31F-6E21-4BAE-9A3A-0EA930A790F4}"
EndProject
Global
	GlobalSection(SolutionConfigurationPlatforms) = preSolution
		Debug|Any CPU = Debug|Any CPU
		Release|Any CPU = Release|Any CPU
	EndGlobalSection
	GlobalSection(ProjectConfigurationPlatforms) = postSolution
		{B894A31F-6E21-4BAE-9A3A-0EA930A790F4}.Debug|Any CPU.ActiveCfg = Debug|Any CPU
		{B894A31F-6E21-4BAE-9A3A-0EA930A790F4}.Debug|Any CPU.Build.0 = Debug|Any CPU
		{B894A31F-6E21-4BAE-9A3A-0EA930A790F4}.Release|Any CPU.ActiveCfg = Release|Any CPU
		{B894A31F-6E21-4BAE-9A3A-0EA930A790F4}.Release|Any CPU.Build.0 = Release|Any CPU
	EndGlobalSection
	GlobalSection(SolutionProperties) = preSolution
		HideSolutionNode = FALSE
	EndGlobalSection
	GlobalSection(ExtensibilityGlobals) = postSolution
		SolutionGuid = {7594156A-B6CC-4493-BD5B-C03DF2809DC9}
	EndGlobalSection
EndGlobal
